
Microsoft Visual Studio Solution File, Format Version 12.00
# Visual Studio Version 17
VisualStudioVersion = 17.11.35312.102
MinimumVisualStudioVersion = 10.0.40219.1
Project("{2150E333-8FDC-42A3-9474-1A3956D46DE8}") = "Task0", "Task0", "{904C7396-757D-4FEA-8CA0-80E3B717A3ED}"
EndProject
Project("{FAE04EC0-301F-11D3-BF4B-00C04F79EFBC}") = "Tyuiu.TsarevDI.Sprint2.Task0.V20", "Tyuiu.TsarevDI.Sprint2.Task0.V20\Tyuiu.TsarevDI.Sprint2.Task0.V20.csproj", "{C99EE7D1-4DD7-4773-9544-A8047A0909CF}"
EndProject
Project("{FAE04EC0-301F-11D3-BF4B-00C04F79EFBC}") = "Tyuiu.TsarevDI.Sprint2.Task0.V20.Lib", "Tyuiu.TsarevDI.Sprint2.Task0.V20.Lib\Tyuiu.TsarevDI.Sprint2.Task0.V20.Lib.csproj", "{7C72251E-496D-44E3-8CCF-5D90F06E232B}"
EndProject
Project("{FAE04EC0-301F-11D3-BF4B-00C04F79EFBC}") = "Tyuiu.TsarevDI.Sprint2.Task0.V20.Test", "Tyuiu.TsarevDI.Sprint2.Task0.V20.Test\Tyuiu.TsarevDI.Sprint2.Task0.V20.Test.csproj", "{B49533EB-4185-4276-B23D-276E451C291D}"
EndProject
Global
	GlobalSection(SolutionConfigurationPlatforms) = preSolution
		Debug|Any CPU = Debug|Any CPU
		Release|Any CPU = Release|Any CPU
	EndGlobalSection
	GlobalSection(ProjectConfigurationPlatforms) = postSolution
		{C99EE7D1-4DD7-4773-9544-A8047A0909CF}.Debug|Any CPU.ActiveCfg = Debug|Any CPU
		{C99EE7D1-4DD7-4773-9544-A8047A0909CF}.Debug|Any CPU.Build.0 = Debug|Any CPU
		{C99EE7D1-4DD7-4773-9544-A8047A0909CF}.Release|Any CPU.ActiveCfg = Release|Any CPU
		{C99EE7D1-4DD7-4773-9544-A8047A0909CF}.Release|Any CPU.Build.0 = Release|Any CPU
		{7C72251E-496D-44E3-8CCF-5D90F06E232B}.Debug|Any CPU.ActiveCfg = Debug|Any CPU
		{7C72251E-496D-44E3-8CCF-5D90F06E232B}.Debug|Any CPU.Build.0 = Debug|Any CPU
		{7C72251E-496D-44E3-8CCF-5D90F06E232B}.Release|Any CPU.ActiveCfg = Release|Any CPU
		{7C72251E-496D-44E3-8CCF-5D90F06E232B}.Release|Any CPU.Build.0 = Release|Any CPU
		{B49533EB-4185-4276-B23D-276E451C291D}.Debug|Any CPU.ActiveCfg = Debug|Any CPU
		{B49533EB-4185-4276-B23D-276E451C291D}.Debug|Any CPU.Build.0 = Debug|Any CPU
		{B49533EB-4185-4276-B23D-276E451C291D}.Release|Any CPU.ActiveCfg = Release|Any CPU
		{B49533EB-4185-4276-B23D-276E451C291D}.Release|Any CPU.Build.0 = Release|Any CPU
	EndGlobalSection
	GlobalSection(SolutionProperties) = preSolution
		HideSolutionNode = FALSE
	EndGlobalSection
	GlobalSection(NestedProjects) = preSolution
		{C99EE7D1-4DD7-4773-9544-A8047A0909CF} = {904C7396-757D-4FEA-8CA0-80E3B717A3ED}
		{7C72251E-496D-44E3-8CCF-5D90F06E232B} = {904C7396-757D-4FEA-8CA0-80E3B717A3ED}
		{B49533EB-4185-4276-B23D-276E451C291D} = {904C7396-757D-4FEA-8CA0-80E3B717A3ED}
	EndGlobalSection
	GlobalSection(ExtensibilityGlobals) = postSolution
		SolutionGuid = {AFCF4618-62F5-430B-85CA-AA4C215EE170}
	EndGlobalSection
EndGlobal
